
Microsoft Visual Studio Solution File, Format Version 12.00
# Visual Studio Version 17
VisualStudioVersion = 17.11.35303.130
MinimumVisualStudioVersion = 10.0.40219.1
Project("{9A19103F-16F7-4668-BE54-9A1E7A4F7556}") = "TradingCategorize", "TradingCategorize.csproj", "{428930AF-AE34-44A2-9382-8A97DBF3414D}"
EndProject
Project("{FAE04EC0-301F-11D3-BF4B-00C04F79EFBC}") = "TradingCategorize.Domain", "..\TradingCategorize.Domain\TradingCategorize.Domain.csproj", "{7FD37E6D-B100-4CDF-ACDB-55C47AFB2672}"
EndProject
Global
	GlobalSection(SolutionConfigurationPlatforms) = preSolution
		Debug|Any CPU = Debug|Any CPU
		Release|Any CPU = Release|Any CPU
	EndGlobalSection
	GlobalSection(ProjectConfigurationPlatforms) = postSolution
		{428930AF-AE34-44A2-9382-8A97DBF3414D}.Debug|Any CPU.ActiveCfg = Debug|Any CPU
		{428930AF-AE34-44A2-9382-8A97DBF3414D}.Debug|Any CPU.Build.0 = Debug|Any CPU
		{428930AF-AE34-44A2-9382-8A97DBF3414D}.Release|Any CPU.ActiveCfg = Release|Any CPU
		{428930AF-AE34-44A2-9382-8A97DBF3414D}.Release|Any CPU.Build.0 = Release|Any CPU
		{7FD37E6D-B100-4CDF-ACDB-55C47AFB2672}.Debug|Any CPU.ActiveCfg = Debug|Any CPU
		{7FD37E6D-B100-4CDF-ACDB-55C47AFB2672}.Debug|Any CPU.Build.0 = Debug|Any CPU
		{7FD37E6D-B100-4CDF-ACDB-55C47AFB2672}.Release|Any CPU.ActiveCfg = Release|Any CPU
		{7FD37E6D-B100-4CDF-ACDB-55C47AFB2672}.Release|Any CPU.Build.0 = Release|Any CPU
	EndGlobalSection
	GlobalSection(SolutionProperties) = preSolution
		HideSolutionNode = FALSE
	EndGlobalSection
	GlobalSection(ExtensibilityGlobals) = postSolution
		SolutionGuid = {042FC99E-0C94-4D47-9F55-24CAB25CCD79}
	EndGlobalSection
EndGlobal
